
Microsoft Visual Studio Solution File, Format Version 12.00
# Visual Studio 15
VisualStudioVersion = 15.0.27130.2036
MinimumVisualStudioVersion = 10.0.40219.1
Project("{9A19103F-16F7-4668-BE54-9A1E7A4F7556}") = "Snipcart.API", "Snipcart.API\Snipcart.API.csproj", "{B03C6598-7214-42BD-A082-01D5FBF25BA4}"
EndProject
Project("{FAE04EC0-301F-11D3-BF4B-00C04F79EFBC}") = "Snipcart.NET451", "Snipcart.NET451\Snipcart.NET451.csproj", "{7D9AFC8A-2DC9-4E57-9723-4B8EAC5ABABD}"
EndProject
Global
	GlobalSection(SolutionConfigurationPlatforms) = preSolution
		Debug|Any CPU = Debug|Any CPU
		Release|Any CPU = Release|Any CPU
	EndGlobalSection
	GlobalSection(ProjectConfigurationPlatforms) = postSolution
		{B03C6598-7214-42BD-A082-01D5FBF25BA4}.Debug|Any CPU.ActiveCfg = Debug|Any CPU
		{B03C6598-7214-42BD-A082-01D5FBF25BA4}.Debug|Any CPU.Build.0 = Debug|Any CPU
		{B03C6598-7214-42BD-A082-01D5FBF25BA4}.Release|Any CPU.ActiveCfg = Release|Any CPU
		{B03C6598-7214-42BD-A082-01D5FBF25BA4}.Release|Any CPU.Build.0 = Release|Any CPU
		{7D9AFC8A-2DC9-4E57-9723-4B8EAC5ABABD}.Debug|Any CPU.ActiveCfg = Debug|Any CPU
		{7D9AFC8A-2DC9-4E57-9723-4B8EAC5ABABD}.Debug|Any CPU.Build.0 = Debug|Any CPU
		{7D9AFC8A-2DC9-4E57-9723-4B8EAC5ABABD}.Release|Any CPU.ActiveCfg = Release|Any CPU
		{7D9AFC8A-2DC9-4E57-9723-4B8EAC5ABABD}.Release|Any CPU.Build.0 = Release|Any CPU
	EndGlobalSection
	GlobalSection(SolutionProperties) = preSolution
		HideSolutionNode = FALSE
	EndGlobalSection
	GlobalSection(ExtensibilityGlobals) = postSolution
		SolutionGuid = {7D3E6646-CC18-44E6-B141-DDC202668DD3}
	EndGlobalSection
EndGlobal
